
Microsoft Visual Studio Solution File, Format Version 12.00
# Visual Studio 15
VisualStudioVersion = 15.0.26430.16
MinimumVisualStudioVersion = 10.0.40219.1
Project("{FAE04EC0-301F-11D3-BF4B-00C04F79EFBC}") = "ConstructorCsharp", "ConstructorCsharp\ConstructorCsharp.csproj", "{D515AA5E-7C53-4BA9-9D98-83D687A14300}"
EndProject
Global
	GlobalSection(SolutionConfigurationPlatforms) = preSolution
		Debug|Any CPU = Debug|Any CPU
		Release|Any CPU = Release|Any CPU
	EndGlobalSection
	GlobalSection(ProjectConfigurationPlatforms) = postSolution
		{D515AA5E-7C53-4BA9-9D98-83D687A14300}.Debug|Any CPU.ActiveCfg = Debug|Any CPU
		{D515AA5E-7C53-4BA9-9D98-83D687A14300}.Debug|Any CPU.Build.0 = Debug|Any CPU
		{D515AA5E-7C53-4BA9-9D98-83D687A14300}.Release|Any CPU.ActiveCfg = Release|Any CPU
		{D515AA5E-7C53-4BA9-9D98-83D687A14300}.Release|Any CPU.Build.0 = Release|Any CPU
	EndGlobalSection
	GlobalSection(SolutionProperties) = preSolution
		HideSolutionNode = FALSE
	EndGlobalSection
EndGlobal
